{
    "_readme": [
        "This file locks the dependencies of your project to a known state",
        "Read more about it at http://getcomposer.org/doc/01-basic-usage.md#composer-lock-the-lock-file"
    ],
    "hash": "98aa493c875a767543c0ca6b0014db4b",
    "packages": [
        {
            "name": "opauth/facebook",
            "version": "0.2.1",
            "source": {
                "type": "git",
                "url": "https://github.com/opauth/facebook.git",
                "reference": "0.2.1"
            },
            "dist": {
                "type": "zip",
                "url": "https://api.github.com/repos/opauth/facebook/zipball/0.2.1",
                "reference": "0.2.1",
                "shasum": ""
            },
            "require": {
                "opauth/opauth": ">=0.2.0",
                "php": ">=5.2.0"
            },
            "type": "library",
            "autoload": {
                "psr-0": {
                    "": "."
                }
            },
            "notification-url": "https://packagist.org/downloads/",
            "license": [
                "MIT"
            ],
            "authors": [
                {
                    "name": "U-Zyn Chua",
                    "email": "chua@uzyn.com",
                    "homepage": "http://uzyn.com"
                }
            ],
            "description": "Facebook strategy for Opauth",
            "homepage": "http://opauth.org",
            "keywords": [
                "Authentication",
                "auth",
                "facebook"
            ],
            "time": "2012-09-21 04:47:35"
        },
        {
            "name": "opauth/google",
            "version": "0.2.2",
            "source": {
                "type": "git",
                "url": "https://github.com/opauth/google.git",
                "reference": "0.2.2"
            },
            "dist": {
                "type": "zip",
                "url": "https://api.github.com/repos/opauth/google/zipball/0.2.2",
                "reference": "0.2.2",
                "shasum": ""
            },
            "require": {
                "opauth/opauth": ">=0.2.0",
                "php": ">=5.2.0"
            },
            "type": "library",
            "autoload": {
                "psr-0": {
                    "": "."
                }
            },
            "notification-url": "https://packagist.org/downloads/",
            "license": [
                "MIT"
            ],
            "authors": [
                {
                    "name": "U-Zyn Chua",
                    "email": "chua@uzyn.com",
                    "homepage": "http://uzyn.com"
                }
            ],
            "description": "Google strategy for Opauth",
            "homepage": "http://opauth.org",
            "keywords": [
                "Authentication",
                "auth",
                "google"
            ],
            "time": "2012-10-18 14:39:52"
        },
        {
            "name": "opauth/opauth",
            "version": "0.4.4",
            "source": {
                "type": "git",
                "url": "https://github.com/opauth/opauth.git",
                "reference": "0.4.4"
            },
            "dist": {
                "type": "zip",
                "url": "https://api.github.com/repos/opauth/opauth/zipball/0.4.4",
                "reference": "0.4.4",
                "shasum": ""
            },
            "require": {
                "php": ">=5.2.0"
            },
            "suggest": {
                "opauth/facebook": "Allows Facebook authentication",
                "opauth/google": "Allows Google authentication",
                "opauth/twitter": "Allows Twitter authentication"
            },
            "type": "library",
            "autoload": {
                "classmap": [
                    "lib/Opauth/"
                ]
            },
            "notification-url": "https://packagist.org/downloads/",
            "license": [
                "MIT"
            ],
            "authors": [
                {
                    "name": "U-Zyn Chua",
                    "email": "chua@uzyn.com",
                    "homepage": "http://uzyn.com"
                }
            ],
            "description": "Multi-provider authentication framework for PHP",
            "homepage": "http://opauth.org",
            "keywords": [
                "Authentication",
                "OpenId",
                "auth",
                "facebook",
                "google",
                "oauth",
                "omniauth",
                "twitter"
            ],
            "time": "2013-05-10 09:01:52"
        },
        {
            "name": "opauth/twitter",
            "version": "0.3.1",
            "source": {
                "type": "git",
                "url": "https://github.com/opauth/twitter.git",
                "reference": "0.3.1"
            },
            "dist": {
                "type": "zip",
                "url": "https://api.github.com/repos/opauth/twitter/zipball/0.3.1",
                "reference": "0.3.1",
                "shasum": ""
            },
            "require": {
                "opauth/opauth": ">=0.2.0",
                "php": ">=5.2.0"
            },
            "type": "library",
            "autoload": {
                "psr-0": {
                    "": "."
                }
            },
            "notification-url": "https://packagist.org/downloads/",
            "license": [
                "MIT"
            ],
            "authors": [
                {
                    "name": "U-Zyn Chua",
                    "email": "chua@uzyn.com",
                    "homepage": "http://uzyn.com"
                }
            ],
            "description": "Twitter strategy for Opauth",
            "homepage": "http://opauth.org",
            "keywords": [
                "Authentication",
                "auth",
                "twitter"
            ],
            "time": "2013-06-12 07:50:11"
        },
        {
            "name": "slim/slim",
            "version": "2.3.5",
            "source": {
                "type": "git",
                "url": "https://github.com/codeguy/Slim.git",
                "reference": "3dec4f9ee2e9c204a9f334afd72abc174c1b792e"
            },
            "dist": {
                "type": "zip",
                "url": "https://api.github.com/repos/codeguy/Slim/zipball/3dec4f9ee2e9c204a9f334afd72abc174c1b792e",
                "reference": "3dec4f9ee2e9c204a9f334afd72abc174c1b792e",
                "shasum": ""
            },
            "require": {
                "ext-mcrypt": "*",
                "php": ">=5.3.0"
            },
            "type": "library",
            "autoload": {
                "psr-0": {
                    "Slim": "."
                }
            },
            "notification-url": "https://packagist.org/downloads/",
            "license": [
                "MIT"
            ],
            "authors": [
                {
                    "name": "Josh Lockhart",
                    "email": "info@joshlockhart.com",
                    "homepage": "http://www.joshlockhart.com/"
                }
            ],
            "description": "Slim Framework, a PHP micro framework",
            "homepage": "http://github.com/codeguy/Slim",
            "keywords": [
                "microframework",
                "rest",
                "router"
            ],
            "time": "2013-10-31 02:05:09"
        },
        {
            "name": "slim/views",
            "version": "dev-master",
            "target-dir": "Slim/Views",
            "source": {
                "type": "git",
                "url": "https://github.com/codeguy/Slim-Views.git",
                "reference": "1b6fdfba0d9afbc94a624c58c476342684034013"
            },
            "dist": {
                "type": "zip",
                "url": "https://api.github.com/repos/codeguy/Slim-Views/zipball/1b6fdfba0d9afbc94a624c58c476342684034013",
                "reference": "1b6fdfba0d9afbc94a624c58c476342684034013",
                "shasum": ""
            },
            "require": {
                "php": ">=5.3.0",
                "slim/slim": ">=2.3.0"
            },
            "type": "library",
            "autoload": {
                "psr-0": {
                    "Slim\\Views": ""
                }
            },
            "notification-url": "https://packagist.org/downloads/",
            "license": [
                "MIT"
            ],
            "authors": [
                {
                    "name": "Andrew Smith",
                    "email": "a.smith@silentworks.co.uk",
                    "homepage": "http://thoughts.silentworks.co.uk/"
                },
                {
                    "name": "Josh Lockhart",
                    "email": "info@joshlockhart.com",
                    "homepage": "http://www.joshlockhart.com/"
                }
            ],
            "description": "Smarty and Twig View Parser package for the Slim Framework",
            "homepage": "http://github.com/codeguy/Slim-Views",
            "keywords": [
                "extensions",
                "slimphp",
                "templating"
            ],
            "time": "2013-09-18 09:11:51"
        },
        {
            "name": "twig/twig",
            "version": "v1.14.2",
            "source": {
                "type": "git",
                "url": "https://github.com/fabpot/Twig.git",
                "reference": "ca445842fcea4f844d68203ffa2d00f5e3cdea64"
            },
            "dist": {
                "type": "zip",
                "url": "https://api.github.com/repos/fabpot/Twig/zipball/ca445842fcea4f844d68203ffa2d00f5e3cdea64",
                "reference": "ca445842fcea4f844d68203ffa2d00f5e3cdea64",
                "shasum": ""
            },
            "require": {
                "php": ">=5.2.4"
            },
            "type": "library",
            "extra": {
                "branch-alias": {
                    "dev-master": "1.14-dev"
                }
            },
            "autoload": {
                "psr-0": {
                    "Twig_": "lib/"
                }
            },
            "notification-url": "https://packagist.org/downloads/",
            "license": [
                "BSD-3-Clause"
            ],
            "authors": [
                {
                    "name": "Fabien Potencier",
                    "email": "fabien@symfony.com"
                },
                {
                    "name": "Armin Ronacher",
                    "email": "armin.ronacher@active-4.com"
                }
            ],
            "description": "Twig, the flexible, fast, and secure template language for PHP",
            "homepage": "http://twig.sensiolabs.org",
            "keywords": [
                "templating"
            ],
            "time": "2013-10-30 08:20:53"
        }
    ],
    "packages-dev": [

    ],
    "aliases": [

    ],
    "minimum-stability": "stable",
    "stability-flags": {
        "slim/views": 20
    },
    "platform": [

    ],
    "platform-dev": [

    ]
}
